
Microsoft Visual Studio Solution File, Format Version 12.00
# Visual Studio Version 17
VisualStudioVersion = 17.14.36717.8
MinimumVisualStudioVersion = 10.0.40219.1
Project("{FAE04EC0-301F-11D3-BF4B-00C04F79EFBC}") = "CS Basic App GitHub", "CS Basic App GitHub\CS Basic App GitHub.csproj", "{FD647F32-97B4-4637-AA71-4CFCD4892E83}"
EndProject
Project("{FAE04EC0-301F-11D3-BF4B-00C04F79EFBC}") = "CS_Basic_App_Core.Tests", "CS_Basic_App_Core.Tests\CS_Basic_App_Core.Tests.csproj", "{5AB3B1B6-9ABE-4193-8BB1-F2F1FB5B3AE4}"
EndProject
Global
	GlobalSection(SolutionConfigurationPlatforms) = preSolution
		Debug|Any CPU = Debug|Any CPU
		Release|Any CPU = Release|Any CPU
	EndGlobalSection
	GlobalSection(ProjectConfigurationPlatforms) = postSolution
		{FD647F32-97B4-4637-AA71-4CFCD4892E83}.Debug|Any CPU.ActiveCfg = Debug|Any CPU
		{FD647F32-97B4-4637-AA71-4CFCD4892E83}.Debug|Any CPU.Build.0 = Debug|Any CPU
		{FD647F32-97B4-4637-AA71-4CFCD4892E83}.Release|Any CPU.ActiveCfg = Release|Any CPU
		{FD647F32-97B4-4637-AA71-4CFCD4892E83}.Release|Any CPU.Build.0 = Release|Any CPU
		{5AB3B1B6-9ABE-4193-8BB1-F2F1FB5B3AE4}.Debug|Any CPU.ActiveCfg = Debug|Any CPU
		{5AB3B1B6-9ABE-4193-8BB1-F2F1FB5B3AE4}.Debug|Any CPU.Build.0 = Debug|Any CPU
		{5AB3B1B6-9ABE-4193-8BB1-F2F1FB5B3AE4}.Release|Any CPU.ActiveCfg = Release|Any CPU
		{5AB3B1B6-9ABE-4193-8BB1-F2F1FB5B3AE4}.Release|Any CPU.Build.0 = Release|Any CPU
	EndGlobalSection
	GlobalSection(SolutionProperties) = preSolution
		HideSolutionNode = FALSE
	EndGlobalSection
	GlobalSection(ExtensibilityGlobals) = postSolution
		SolutionGuid = {32558046-6192-4DA4-A016-11480C75E600}
	EndGlobalSection
EndGlobal
